
Microsoft Visual Studio Solution File, Format Version 12.00
# Visual Studio 15
VisualStudioVersion = 15.0.28307.779
MinimumVisualStudioVersion = 10.0.40219.1
Project("{9A19103F-16F7-4668-BE54-9A1E7A4F7556}") = "SWARM_GUI", "SWARM_GUI.csproj", "{A1DB61B3-0F7E-4470-9206-84B40044A6D3}"
EndProject
Global
	GlobalSection(SolutionConfigurationPlatforms) = preSolution
		Debug|Any CPU = Debug|Any CPU
		Release|Any CPU = Release|Any CPU
	EndGlobalSection
	GlobalSection(ProjectConfigurationPlatforms) = postSolution
		{A1DB61B3-0F7E-4470-9206-84B40044A6D3}.Debug|Any CPU.ActiveCfg = Debug|Any CPU
		{A1DB61B3-0F7E-4470-9206-84B40044A6D3}.Debug|Any CPU.Build.0 = Debug|Any CPU
		{A1DB61B3-0F7E-4470-9206-84B40044A6D3}.Release|Any CPU.ActiveCfg = Release|Any CPU
		{A1DB61B3-0F7E-4470-9206-84B40044A6D3}.Release|Any CPU.Build.0 = Release|Any CPU
	EndGlobalSection
	GlobalSection(SolutionProperties) = preSolution
		HideSolutionNode = FALSE
	EndGlobalSection
	GlobalSection(ExtensibilityGlobals) = postSolution
		SolutionGuid = {03CA7CF1-3E2B-4990-A2B6-93550ED692A7}
	EndGlobalSection
EndGlobal
